
Microsoft Visual Studio Solution File, Format Version 12.00
# Visual Studio Version 17
VisualStudioVersion = 17.4.33103.184
MinimumVisualStudioVersion = 10.0.40219.1
Project("{9A19103F-16F7-4668-BE54-9A1E7A4F7556}") = "BlazorEmpty", "BlazorEmpty\BlazorEmpty.csproj", "{1B5BE303-8F83-4893-8CA3-FE808E215E01}"
EndProject
Project("{2150E333-8FDC-42A3-9474-1A3956D46DE8}") = "Solution Items", "Solution Items", "{0033FB33-3C40-42C2-91D3-033977082DD3}"
EndProject
Global
	GlobalSection(SolutionConfigurationPlatforms) = preSolution
		Debug|Any CPU = Debug|Any CPU
		Release|Any CPU = Release|Any CPU
	EndGlobalSection
	GlobalSection(ProjectConfigurationPlatforms) = postSolution
		{1B5BE303-8F83-4893-8CA3-FE808E215E01}.Debug|Any CPU.ActiveCfg = Debug|Any CPU
		{1B5BE303-8F83-4893-8CA3-FE808E215E01}.Debug|Any CPU.Build.0 = Debug|Any CPU
		{1B5BE303-8F83-4893-8CA3-FE808E215E01}.Release|Any CPU.ActiveCfg = Release|Any CPU
		{1B5BE303-8F83-4893-8CA3-FE808E215E01}.Release|Any CPU.Build.0 = Release|Any CPU
	EndGlobalSection
	GlobalSection(SolutionProperties) = preSolution
		HideSolutionNode = FALSE
	EndGlobalSection
	GlobalSection(ExtensibilityGlobals) = postSolution
		SolutionGuid = {2D2BB2EB-75E4-44AA-B6C2-1D68BC3ECE83}
	EndGlobalSection
EndGlobal
